
Microsoft Visual Studio Solution File, Format Version 12.00
# Visual Studio Version 16
VisualStudioVersion = 16.0.31624.102
MinimumVisualStudioVersion = 10.0.40219.1
Project("{FAE04EC0-301F-11D3-BF4B-00C04F79EFBC}") = "2022-02-07_winforms-gyak", "2022-02-07_winforms-gyak\2022-02-07_winforms-gyak.csproj", "{871A3E97-B53B-4B56-8F7E-C5115C159DE4}"
EndProject
Global
	GlobalSection(SolutionConfigurationPlatforms) = preSolution
		Debug|Any CPU = Debug|Any CPU
		Release|Any CPU = Release|Any CPU
	EndGlobalSection
	GlobalSection(ProjectConfigurationPlatforms) = postSolution
		{871A3E97-B53B-4B56-8F7E-C5115C159DE4}.Debug|Any CPU.ActiveCfg = Debug|Any CPU
		{871A3E97-B53B-4B56-8F7E-C5115C159DE4}.Debug|Any CPU.Build.0 = Debug|Any CPU
		{871A3E97-B53B-4B56-8F7E-C5115C159DE4}.Release|Any CPU.ActiveCfg = Release|Any CPU
		{871A3E97-B53B-4B56-8F7E-C5115C159DE4}.Release|Any CPU.Build.0 = Release|Any CPU
	EndGlobalSection
	GlobalSection(SolutionProperties) = preSolution
		HideSolutionNode = FALSE
	EndGlobalSection
	GlobalSection(ExtensibilityGlobals) = postSolution
		SolutionGuid = {18721783-B2EE-4949-9E6D-AB8415066ED6}
	EndGlobalSection
EndGlobal
